
Microsoft Visual Studio Solution File, Format Version 12.00
# Visual Studio Version 16
VisualStudioVersion = 16.0.32510.428
MinimumVisualStudioVersion = 10.0.40219.1
Project("{8BC9CEB8-8B4A-11D0-8D11-00A0C91BC942}") = "Thayer_Patrick_Lab1.4_Minesweeper", "Thayer_Patrick_Lab1.4_Minesweeper\Thayer_Patrick_Lab1.4_Minesweeper.vcxproj", "{644498D7-4D19-41A1-879A-7DF2A210E822}"
EndProject
Project("{2150E333-8FDC-42A3-9474-1A3956D46DE8}") = "Solution Items", "Solution Items", "{3299F423-48E3-44B6-8DF0-D2535B7E8F6C}"
	ProjectSection(SolutionItems) = preProject
		class.txt = class.txt
	EndProjectSection
EndProject
Global
	GlobalSection(SolutionConfigurationPlatforms) = preSolution
		Debug|x64 = Debug|x64
		Debug|x86 = Debug|x86
		Release|x64 = Release|x64
		Release|x86 = Release|x86
	EndGlobalSection
	GlobalSection(ProjectConfigurationPlatforms) = postSolution
		{644498D7-4D19-41A1-879A-7DF2A210E822}.Debug|x64.ActiveCfg = Debug|x64
		{644498D7-4D19-41A1-879A-7DF2A210E822}.Debug|x64.Build.0 = Debug|x64
		{644498D7-4D19-41A1-879A-7DF2A210E822}.Debug|x86.ActiveCfg = Debug|Win32
		{644498D7-4D19-41A1-879A-7DF2A210E822}.Debug|x86.Build.0 = Debug|Win32
		{644498D7-4D19-41A1-879A-7DF2A210E822}.Release|x64.ActiveCfg = Release|x64
		{644498D7-4D19-41A1-879A-7DF2A210E822}.Release|x64.Build.0 = Release|x64
		{644498D7-4D19-41A1-879A-7DF2A210E822}.Release|x86.ActiveCfg = Release|Win32
		{644498D7-4D19-41A1-879A-7DF2A210E822}.Release|x86.Build.0 = Release|Win32
	EndGlobalSection
	GlobalSection(SolutionProperties) = preSolution
		HideSolutionNode = FALSE
	EndGlobalSection
	GlobalSection(ExtensibilityGlobals) = postSolution
		SolutionGuid = {FDC5E919-2E33-45E6-A2C4-71B587DB9919}
	EndGlobalSection
EndGlobal
